
Microsoft Visual Studio Solution File, Format Version 12.00
# Visual Studio Version 17
VisualStudioVersion = 17.4.33103.184
MinimumVisualStudioVersion = 10.0.40219.1
Project("{FAE04EC0-301F-11D3-BF4B-00C04F79EFBC}") = "Pronia", "Pronia\Pronia.csproj", "{55D028B4-F4D5-4020-8DDA-4A7A42D8AEDA}"
EndProject
Global
	GlobalSection(SolutionConfigurationPlatforms) = preSolution
		Debug|Any CPU = Debug|Any CPU
		Release|Any CPU = Release|Any CPU
	EndGlobalSection
	GlobalSection(ProjectConfigurationPlatforms) = postSolution
		{55D028B4-F4D5-4020-8DDA-4A7A42D8AEDA}.Debug|Any CPU.ActiveCfg = Debug|Any CPU
		{55D028B4-F4D5-4020-8DDA-4A7A42D8AEDA}.Debug|Any CPU.Build.0 = Debug|Any CPU
		{55D028B4-F4D5-4020-8DDA-4A7A42D8AEDA}.Release|Any CPU.ActiveCfg = Release|Any CPU
		{55D028B4-F4D5-4020-8DDA-4A7A42D8AEDA}.Release|Any CPU.Build.0 = Release|Any CPU
	EndGlobalSection
	GlobalSection(SolutionProperties) = preSolution
		HideSolutionNode = FALSE
	EndGlobalSection
	GlobalSection(ExtensibilityGlobals) = postSolution
		SolutionGuid = {007A8CF4-0696-4031-AD87-9CC0A656E18A}
	EndGlobalSection
EndGlobal
